
Microsoft Visual Studio Solution File, Format Version 12.00
# Visual Studio Version 17
VisualStudioVersion = 17.4.33205.214
MinimumVisualStudioVersion = 10.0.40219.1
Project("{9A19103F-16F7-4668-BE54-9A1E7A4F7556}") = "RestOgJavaDR", "RestOgJavaDR\RestOgJavaDR.csproj", "{08929553-CA26-4D51-9E44-F6732BB963FA}"
EndProject
Project("{FAE04EC0-301F-11D3-BF4B-00C04F79EFBC}") = "RestOgJavaDRTests", "RestOgJavaDRTests\RestOgJavaDRTests.csproj", "{A04B27BB-57DC-48C3-8884-02C83C5D6AD8}"
EndProject
Global
	GlobalSection(SolutionConfigurationPlatforms) = preSolution
		Debug|Any CPU = Debug|Any CPU
		Release|Any CPU = Release|Any CPU
	EndGlobalSection
	GlobalSection(ProjectConfigurationPlatforms) = postSolution
		{08929553-CA26-4D51-9E44-F6732BB963FA}.Debug|Any CPU.ActiveCfg = Debug|Any CPU
		{08929553-CA26-4D51-9E44-F6732BB963FA}.Debug|Any CPU.Build.0 = Debug|Any CPU
		{08929553-CA26-4D51-9E44-F6732BB963FA}.Release|Any CPU.ActiveCfg = Release|Any CPU
		{08929553-CA26-4D51-9E44-F6732BB963FA}.Release|Any CPU.Build.0 = Release|Any CPU
		{A04B27BB-57DC-48C3-8884-02C83C5D6AD8}.Debug|Any CPU.ActiveCfg = Debug|Any CPU
		{A04B27BB-57DC-48C3-8884-02C83C5D6AD8}.Debug|Any CPU.Build.0 = Debug|Any CPU
		{A04B27BB-57DC-48C3-8884-02C83C5D6AD8}.Release|Any CPU.ActiveCfg = Release|Any CPU
		{A04B27BB-57DC-48C3-8884-02C83C5D6AD8}.Release|Any CPU.Build.0 = Release|Any CPU
	EndGlobalSection
	GlobalSection(SolutionProperties) = preSolution
		HideSolutionNode = FALSE
	EndGlobalSection
	GlobalSection(ExtensibilityGlobals) = postSolution
		SolutionGuid = {17D33AF7-737B-4CF2-918E-4302408407D7}
	EndGlobalSection
EndGlobal
